
Microsoft Visual Studio Solution File, Format Version 12.00
# Visual Studio 14
VisualStudioVersion = 14.0.24720.0
MinimumVisualStudioVersion = 10.0.40219.1
Project("{FAE04EC0-301F-11D3-BF4B-00C04F79EFBC}") = "CameraBazaar.Web", "CameraBazaar\CameraBazaar.Web.csproj", "{DF22DFD0-5068-4830-AC62-F4A884AF9C5F}"
EndProject
Project("{FAE04EC0-301F-11D3-BF4B-00C04F79EFBC}") = "CameraBazaar.Models", "CameraBazaar.Models\CameraBazaar.Models.csproj", "{C90A87DD-E122-44B2-8848-213FF7F5F41B}"
EndProject
Project("{FAE04EC0-301F-11D3-BF4B-00C04F79EFBC}") = "CameraBazaar.Data", "CameraBazaar.Data\CameraBazaar.Data.csproj", "{F63737FE-AD98-4D20-8B8F-FA240C1FBBD1}"
EndProject
Global
	GlobalSection(SolutionConfigurationPlatforms) = preSolution
		Debug|Any CPU = Debug|Any CPU
		Release|Any CPU = Release|Any CPU
	EndGlobalSection
	GlobalSection(ProjectConfigurationPlatforms) = postSolution
		{DF22DFD0-5068-4830-AC62-F4A884AF9C5F}.Debug|Any CPU.ActiveCfg = Debug|Any CPU
		{DF22DFD0-5068-4830-AC62-F4A884AF9C5F}.Debug|Any CPU.Build.0 = Debug|Any CPU
		{DF22DFD0-5068-4830-AC62-F4A884AF9C5F}.Release|Any CPU.ActiveCfg = Release|Any CPU
		{DF22DFD0-5068-4830-AC62-F4A884AF9C5F}.Release|Any CPU.Build.0 = Release|Any CPU
		{C90A87DD-E122-44B2-8848-213FF7F5F41B}.Debug|Any CPU.ActiveCfg = Debug|Any CPU
		{C90A87DD-E122-44B2-8848-213FF7F5F41B}.Debug|Any CPU.Build.0 = Debug|Any CPU
		{C90A87DD-E122-44B2-8848-213FF7F5F41B}.Release|Any CPU.ActiveCfg = Release|Any CPU
		{C90A87DD-E122-44B2-8848-213FF7F5F41B}.Release|Any CPU.Build.0 = Release|Any CPU
		{F63737FE-AD98-4D20-8B8F-FA240C1FBBD1}.Debug|Any CPU.ActiveCfg = Debug|Any CPU
		{F63737FE-AD98-4D20-8B8F-FA240C1FBBD1}.Debug|Any CPU.Build.0 = Debug|Any CPU
		{F63737FE-AD98-4D20-8B8F-FA240C1FBBD1}.Release|Any CPU.ActiveCfg = Release|Any CPU
		{F63737FE-AD98-4D20-8B8F-FA240C1FBBD1}.Release|Any CPU.Build.0 = Release|Any CPU
	EndGlobalSection
	GlobalSection(SolutionProperties) = preSolution
		HideSolutionNode = FALSE
	EndGlobalSection
EndGlobal
